<?xml version="1.0" encoding="utf-8"?>
<Project ToolsVersion="4.0" xmlns="http://schemas.microsoft.com/developer/msbuild/2003">
  <ItemGroup>
    <Filter Include="Source Files">
      <UniqueIdentifier>{4FC737F1-C7A5-4376-A066-2A32D752A2FF}</UniqueIdentifier>
      <Extensions>cpp;cxx;c;def</Extensions>
    </Filter>
    <Filter Include="Header Files">
      <UniqueIdentifier>{93995380-89BD-4b04-88EB-625FBE52EBFB}</UniqueIdentifier>
      <Extensions>h</Extensions>
    </Filter>
    <Filter Include="Form Files">
      <UniqueIdentifier>{99349809-55BA-4b9d-BF79-8FDBB0286EB3}</UniqueIdentifier>
      <Extensions>ui</Extensions>
    </Filter>
    <Filter Include="Resource Files">
      <UniqueIdentifier>{D9D6E242-F8AF-46E4-B9FD-80ECBC20BA3E}</UniqueIdentifier>
      <Extensions>qrc;*</Extensions>
      <ParseFiles>false</ParseFiles>
    </Filter>
    <Filter Include="Generated Files">
      <UniqueIdentifier>{71ED8ED8-ACB9-4CE9-BBE1-E00B30144E11}</UniqueIdentifier>
      <Extensions>moc;h;cpp</Extensions>
      <SourceControlFiles>False</SourceControlFiles>
    </Filter>
    <Filter Include="Generated Files\Debug">
      <UniqueIdentifier>{0d4faabd-7cb6-4286-aec3-c0d0df7ecea5}</UniqueIdentifier>
      <Extensions>cpp;moc</Extensions>
      <SourceControlFiles>False</SourceControlFiles>
    </Filter>
    <Filter Include="Generated Files\Release">
      <UniqueIdentifier>{1c69daf8-a50d-4d7f-a4db-3642b665fcea}</UniqueIdentifier>
      <Extensions>cpp;moc</Extensions>
      <SourceControlFiles>False</SourceControlFiles>
    </Filter>
  </ItemGroup>
  <ItemGroup>
    <ClCompile Include="main.cpp">
      <Filter>Source Files</Filter>
    </ClCompile>
    <ClCompile Include="dadm.cpp">
      <Filter>Source Files</Filter>
    </ClCompile>
    <ClCompile Include="GeneratedFiles\Debug\moc_dadm.cpp">
      <Filter>Generated Files\Debug</Filter>
    </ClCompile>
    <ClCompile Include="GeneratedFiles\Release\moc_dadm.cpp">
      <Filter>Generated Files\Release</Filter>
    </ClCompile>
    <ClCompile Include="GeneratedFiles\qrc_dadm.cpp">
      <Filter>Generated Files</Filter>
    </ClCompile>
    <ClCompile Include="Brain_3D.cpp">
      <Filter>Source Files</Filter>
    </ClCompile>
    <ClCompile Include="Diffusion_Module.cpp">
      <Filter>Source Files</Filter>
    </ClCompile>
    <ClCompile Include="Diffusion_Structural_Module.cpp">
      <Filter>Source Files</Filter>
    </ClCompile>
    <ClCompile Include="Diffusion_tensor_imaging.cpp">
      <Filter>Source Files</Filter>
    </ClCompile>
    <ClCompile Include="Estimation_Module.cpp">
      <Filter>Source Files</Filter>
    </ClCompile>
    <ClCompile Include="Globals.cpp">
      <Filter>Source Files</Filter>
    </ClCompile>
    <ClCompile Include="Intensity_inhomogenity_correction.cpp">
      <Filter>Source Files</Filter>
    </ClCompile>
    <ClCompile Include="MRI_Module.cpp">
      <Filter>Source Files</Filter>
    </ClCompile>
    <ClCompile Include="Non_stationary_noise_estimation.cpp">
      <Filter>Source Files</Filter>
    </ClCompile>
    <ClCompile Include="Non_stationary_noise_filtering_1.cpp">
      <Filter>Source Files</Filter>
    </ClCompile>
    <ClCompile Include="Non_stationary_noise_filtering_2.cpp">
      <Filter>Source Files</Filter>
    </ClCompile>
    <ClCompile Include="Oblique_imaging.cpp">
      <Filter>Source Files</Filter>
    </ClCompile>
    <ClCompile Include="Reconstruction.cpp">
      <Filter>Source Files</Filter>
    </ClCompile>
    <ClCompile Include="Segmentation.cpp">
      <Filter>Source Files</Filter>
    </ClCompile>
    <ClCompile Include="Skull_stripping.cpp">
      <Filter>Source Files</Filter>
    </ClCompile>
    <ClCompile Include="Upsampling.cpp">
      <Filter>Source Files</Filter>
    </ClCompile>
    <ClCompile Include="visualization3d.cpp">
      <Filter>Source Files</Filter>
    </ClCompile>
    <ClCompile Include="GeneratedFiles\Debug\moc_visualization3d.cpp">
      <Filter>Generated Files\Debug</Filter>
    </ClCompile>
    <ClCompile Include="GeneratedFiles\Release\moc_visualization3d.cpp">
      <Filter>Generated Files\Release</Filter>
    </ClCompile>
    <ClCompile Include="helpermethods.cpp">
      <Filter>Source Files</Filter>
    </ClCompile>
    <ClCompile Include="Upsampling_GUI.cpp">
      <Filter>Source Files</Filter>
    </ClCompile>
    <ClCompile Include="GeneratedFiles\Debug\moc_Upsampling_GUI.cpp">
      <Filter>Generated Files\Debug</Filter>
    </ClCompile>
    <ClCompile Include="GeneratedFiles\Release\moc_Upsampling_GUI.cpp">
      <Filter>Generated Files\Release</Filter>
    </ClCompile>
    <ClCompile Include="ObliqueImaging_GUI.cpp">
      <Filter>Source Files</Filter>
    </ClCompile>
    <ClCompile Include="GeneratedFiles\Debug\moc_ObliqueImaging_GUI.cpp">
      <Filter>Generated Files\Debug</Filter>
    </ClCompile>
    <ClCompile Include="GeneratedFiles\Release\moc_ObliqueImaging_GUI.cpp">
      <Filter>Generated Files\Release</Filter>
    </ClCompile>
  </ItemGroup>
  <ItemGroup>
    <CustomBuild Include="dadm.h">
      <Filter>Header Files</Filter>
    </CustomBuild>
    <CustomBuild Include="dadm.ui">
      <Filter>Form Files</Filter>
    </CustomBuild>
    <CustomBuild Include="dadm.qrc">
      <Filter>Resource Files</Filter>
    </CustomBuild>
    <CustomBuild Include="visualization3d.h">
      <Filter>Header Files</Filter>
    </CustomBuild>
    <CustomBuild Include="visualization3d.ui">
      <Filter>Form Files</Filter>
    </CustomBuild>
    <CustomBuild Include="Upsampling_GUI.h">
      <Filter>Header Files</Filter>
    </CustomBuild>
    <CustomBuild Include="Upsampling_GUI.ui">
      <Filter>Form Files</Filter>
    </CustomBuild>
    <CustomBuild Include="ObliqueImaging_GUI.h">
      <Filter>Header Files</Filter>
    </CustomBuild>
    <CustomBuild Include="ObliqueImaging_GUI.ui">
      <Filter>Form Files</Filter>
    </CustomBuild>
  </ItemGroup>
  <ItemGroup>
    <ClInclude Include="GeneratedFiles\ui_dadm.h">
      <Filter>Generated Files</Filter>
    </ClInclude>
    <ClInclude Include="Brain_3D.h">
      <Filter>Header Files</Filter>
    </ClInclude>
    <ClInclude Include="Diffusion_Module.h">
      <Filter>Header Files</Filter>
    </ClInclude>
    <ClInclude Include="Diffusion_Structural_Module.h">
      <Filter>Header Files</Filter>
    </ClInclude>
    <ClInclude Include="Diffusion_tensor_imaging.h">
      <Filter>Header Files</Filter>
    </ClInclude>
    <ClInclude Include="Estimation_Module.h">
      <Filter>Header Files</Filter>
    </ClInclude>
    <ClInclude Include="Globals.h">
      <Filter>Header Files</Filter>
    </ClInclude>
    <ClInclude Include="Intensity_inhomogenity_correction.h">
      <Filter>Header Files</Filter>
    </ClInclude>
    <ClInclude Include="MRI_Module.h">
      <Filter>Header Files</Filter>
    </ClInclude>
    <ClInclude Include="Non_stationary_noise_estimation.h">
      <Filter>Header Files</Filter>
    </ClInclude>
    <ClInclude Include="Non_stationary_noise_filtering_1.h">
      <Filter>Header Files</Filter>
    </ClInclude>
    <ClInclude Include="Non_stationary_noise_filtering_2.h">
      <Filter>Header Files</Filter>
    </ClInclude>
    <ClInclude Include="Oblique_imaging.h">
      <Filter>Header Files</Filter>
    </ClInclude>
    <ClInclude Include="Reconstruction.h">
      <Filter>Header Files</Filter>
    </ClInclude>
    <ClInclude Include="Segmentation.h">
      <Filter>Header Files</Filter>
    </ClInclude>
    <ClInclude Include="Skull_stripping.h">
      <Filter>Header Files</Filter>
    </ClInclude>
    <ClInclude Include="Upsampling.h">
      <Filter>Header Files</Filter>
    </ClInclude>
    <ClInclude Include="GeneratedFiles\ui_visualization3d.h">
      <Filter>Generated Files</Filter>
    </ClInclude>
    <ClInclude Include="helpermethods.h">
      <Filter>Header Files</Filter>
    </ClInclude>
    <ClInclude Include="GeneratedFiles\ui_Upsampling_GUI.h">
      <Filter>Generated Files</Filter>
    </ClInclude>
    <ClInclude Include="GeneratedFiles\ui_ObliqueImaging_GUI.h">
      <Filter>Generated Files</Filter>
    </ClInclude>
  </ItemGroup>
  <ItemGroup>
    <None Include="packages.config" />
    <None Include="libmatio.dll" />
  </ItemGroup>
</Project>